<?xml version="1.0" encoding="utf-8"?>
<Project ToolsVersion="4.0" xmlns="http://schemas.microsoft.com/developer/msbuild/2003">
  <ItemGroup>
    <Filter Include="Source Files">
      <UniqueIdentifier>{4FC737F1-C7A5-4376-A066-2A32D752A2FF}</UniqueIdentifier>
      <Extensions>cpp;c;cc;cxx;c++;cppm;ixx;def;odl;idl;hpj;bat;asm;asmx</Extensions>
    </Filter>
    <Filter Include="GameAPI">
      <UniqueIdentifier>{2b00ea04-a1d3-4639-b021-f84d63a0646a}</UniqueIdentifier>
    </Filter>
    <Filter Include="Source Files\Objects">
      <UniqueIdentifier>{6902948b-3f72-4c94-ad2d-f4bd0e556365}</UniqueIdentifier>
    </Filter>
    <Filter Include="Source Files\Objects\Test">
      <UniqueIdentifier>{2be99c0d-94c8-4d2e-b41c-8c3713865335}</UniqueIdentifier>
    </Filter>
    <Filter Include="Source Files\Objects\Global">
      <UniqueIdentifier>{4e4dbb54-14b3-4307-baa0-915160d6c09c}</UniqueIdentifier>
    </Filter>
    <Filter Include="Source Files\Objects\Helpers">
      <UniqueIdentifier>{9652c069-dedb-4835-a8a9-4458d26248c3}</UniqueIdentifier>
    </Filter>
    <Filter Include="Source Files\Objects\Menu">
      <UniqueIdentifier>{031b3d2b-baea-4b33-b745-bddbbe2cbc70}</UniqueIdentifier>
    </Filter>
    <Filter Include="Source Files\Objects\EHZ">
      <UniqueIdentifier>{b865a73a-1cdb-4e80-8049-81d35d6d169c}</UniqueIdentifier>
    </Filter>
    <Filter Include="Source Files\Objects\Special">
      <UniqueIdentifier>{9ac6363e-0380-4bf0-a957-86cdf116e305}</UniqueIdentifier>
    </Filter>
    <Filter Include="Source Files\Objects\Title">
      <UniqueIdentifier>{ce0d9b5c-b906-41c4-9a18-255b226f97d5}</UniqueIdentifier>
    </Filter>
    <Filter Include="Source Files\Objects\CPZ">
      <UniqueIdentifier>{4abfa5b1-b25f-4f6d-b007-0857cd713f17}</UniqueIdentifier>
    </Filter>
    <Filter Include="Source Files\Objects\ARZ">
      <UniqueIdentifier>{3a3960a2-1e7e-4ed3-84b0-b2cce3d35281}</UniqueIdentifier>
    </Filter>
    <Filter Include="Source Files\Objects\Common">
      <UniqueIdentifier>{598146be-572f-4aca-b8bc-1c39e9bd7e13}</UniqueIdentifier>
    </Filter>
    <Filter Include="Source Files\Objects\CNZ">
      <UniqueIdentifier>{5f3a9926-c599-41aa-98e8-58d180384ba2}</UniqueIdentifier>
    </Filter>
    <Filter Include="Source Files\Objects\HTZ">
      <UniqueIdentifier>{2b65bfe6-41b5-427a-a8aa-6c688e00a6d4}</UniqueIdentifier>
    </Filter>
  </ItemGroup>
  <ItemGroup>
    <ClCompile Include="S2M.cpp">
      <Filter>Source Files</Filter>
    </ClCompile>
    <ClCompile Include="..\GameAPI\CPP\GameAPI\Game.cpp">
      <Filter>GameAPI</Filter>
    </ClCompile>
    <ClCompile Include="Objects\Test\TestObject.cpp">
      <Filter>Source Files\Objects\Test</Filter>
    </ClCompile>
    <ClCompile Include="Objects\Global\Player.cpp">
      <Filter>Source Files\Objects\Global</Filter>
    </ClCompile>
    <ClCompile Include="Objects\Global\ActClear.cpp">
      <Filter>Source Files\Objects\Global</Filter>
    </ClCompile>
    <ClCompile Include="Objects\Global\Animals.cpp">
      <Filter>Source Files\Objects\Global</Filter>
    </ClCompile>
    <ClCompile Include="Objects\Global\Announcer.cpp">
      <Filter>Source Files\Objects\Global</Filter>
    </ClCompile>
    <ClCompile Include="Objects\Global\BoundsMarker.cpp">
      <Filter>Source Files\Objects\Global</Filter>
    </ClCompile>
    <ClCompile Include="Objects\Global\Camera.cpp">
      <Filter>Source Files\Objects\Global</Filter>
    </ClCompile>
    <ClCompile Include="Objects\Global\EggPrison.cpp">
      <Filter>Source Files\Objects\Global</Filter>
    </ClCompile>
    <ClCompile Include="Objects\Global\COverlay.cpp">
      <Filter>Source Files\Objects\Global</Filter>
    </ClCompile>
    <ClCompile Include="Objects\Global\Debris.cpp">
      <Filter>Source Files\Objects\Global</Filter>
    </ClCompile>
    <ClCompile Include="Objects\Global\DebugMode.cpp">
      <Filter>Source Files\Objects\Global</Filter>
    </ClCompile>
    <ClCompile Include="Objects\Global\Dust.cpp">
      <Filter>Source Files\Objects\Global</Filter>
    </ClCompile>
    <ClCompile Include="Objects\Global\Explosion.cpp">
      <Filter>Source Files\Objects\Global</Filter>
    </ClCompile>
    <ClCompile Include="Objects\Global\GameOver.cpp">
      <Filter>Source Files\Objects\Global</Filter>
    </ClCompile>
    <ClCompile Include="Objects\Global\HUD.cpp">
      <Filter>Source Files\Objects\Global</Filter>
    </ClCompile>
    <ClCompile Include="Objects\Global\ImageTrail.cpp">
      <Filter>Source Files\Objects\Global</Filter>
    </ClCompile>
    <ClCompile Include="Objects\Global\InvincibleStars.cpp">
      <Filter>Source Files\Objects\Global</Filter>
    </ClCompile>
    <ClCompile Include="Objects\Global\InvisibleBlock.cpp">
      <Filter>Source Files\Objects\Global</Filter>
    </ClCompile>
    <ClCompile Include="Objects\Global\ItemBox.cpp">
      <Filter>Source Files\Objects\Global</Filter>
    </ClCompile>
    <ClCompile Include="Objects\Global\Localization.cpp">
      <Filter>Source Files\Objects\Global</Filter>
    </ClCompile>
    <ClCompile Include="Objects\Global\Music.cpp">
      <Filter>Source Files\Objects\Global</Filter>
    </ClCompile>
    <ClCompile Include="Objects\Global\PauseMenu.cpp">
      <Filter>Source Files\Objects\Global</Filter>
    </ClCompile>
    <ClCompile Include="Objects\Global\PlaneSwitch.cpp">
      <Filter>Source Files\Objects\Global</Filter>
    </ClCompile>
    <ClCompile Include="Objects\Global\ReplayRecorder.cpp">
      <Filter>Source Files\Objects\Global</Filter>
    </ClCompile>
    <ClCompile Include="Objects\Global\Ring.cpp">
      <Filter>Source Files\Objects\Global</Filter>
    </ClCompile>
    <ClCompile Include="Objects\Global\SaveGame.cpp">
      <Filter>Source Files\Objects\Global</Filter>
    </ClCompile>
    <ClCompile Include="Objects\Global\ScoreBonus.cpp">
      <Filter>Source Files\Objects\Global</Filter>
    </ClCompile>
    <ClCompile Include="Objects\Global\Shield.cpp">
      <Filter>Source Files\Objects\Global</Filter>
    </ClCompile>
    <ClCompile Include="Objects\Global\SignPost.cpp">
      <Filter>Source Files\Objects\Global</Filter>
    </ClCompile>
    <ClCompile Include="Objects\Global\SpecialRing.cpp">
      <Filter>Source Files\Objects\Global</Filter>
    </ClCompile>
    <ClCompile Include="Objects\Global\Spikes.cpp">
      <Filter>Source Files\Objects\Global</Filter>
    </ClCompile>
    <ClCompile Include="Objects\Global\Spring.cpp">
      <Filter>Source Files\Objects\Global</Filter>
    </ClCompile>
    <ClCompile Include="Objects\Global\StarPost.cpp">
      <Filter>Source Files\Objects\Global</Filter>
    </ClCompile>
    <ClCompile Include="Objects\Global\SuperSparkle.cpp">
      <Filter>Source Files\Objects\Global</Filter>
    </ClCompile>
    <ClCompile Include="Objects\Global\TitleCard.cpp">
      <Filter>Source Files\Objects\Global</Filter>
    </ClCompile>
    <ClCompile Include="Objects\Global\Zone.cpp">
      <Filter>Source Files\Objects\Global</Filter>
    </ClCompile>
    <ClCompile Include="Objects\Helpers\BadnikHelpers.cpp">
      <Filter>Source Files\Objects\Helpers</Filter>
    </ClCompile>
    <ClCompile Include="Objects\Helpers\CutsceneRules.cpp">
      <Filter>Source Files\Objects\Helpers</Filter>
    </ClCompile>
    <ClCompile Include="Objects\Helpers\CutsceneSeq.cpp">
      <Filter>Source Files\Objects\Helpers</Filter>
    </ClCompile>
    <ClCompile Include="Objects\Helpers\DialogRunner.cpp">
      <Filter>Source Files\Objects\Helpers</Filter>
    </ClCompile>
    <ClCompile Include="Objects\Helpers\DrawHelpers.cpp">
      <Filter>Source Files\Objects\Helpers</Filter>
    </ClCompile>
    <ClCompile Include="Objects\Helpers\FXAniTiles.cpp">
      <Filter>Source Files\Objects\Helpers</Filter>
    </ClCompile>
    <ClCompile Include="Objects\Helpers\FXAudioPan.cpp">
      <Filter>Source Files\Objects\Helpers</Filter>
    </ClCompile>
    <ClCompile Include="Objects\Helpers\FXFade.cpp">
      <Filter>Source Files\Objects\Helpers</Filter>
    </ClCompile>
    <ClCompile Include="Objects\Helpers\FXTileModifier.cpp">
      <Filter>Source Files\Objects\Helpers</Filter>
    </ClCompile>
    <ClCompile Include="Objects\Helpers\GameProgress.cpp">
      <Filter>Source Files\Objects\Helpers</Filter>
    </ClCompile>
    <ClCompile Include="Objects\Helpers\LogHelpers.cpp">
      <Filter>Source Files\Objects\Helpers</Filter>
    </ClCompile>
    <ClCompile Include="Objects\Helpers\MathHelpers.cpp">
      <Filter>Source Files\Objects\Helpers</Filter>
    </ClCompile>
    <ClCompile Include="Objects\Helpers\MenuParam.cpp">
      <Filter>Source Files\Objects\Helpers</Filter>
    </ClCompile>
    <ClCompile Include="Objects\Helpers\Options.cpp">
      <Filter>Source Files\Objects\Helpers</Filter>
    </ClCompile>
    <ClCompile Include="Objects\Helpers\PlayerHelpers.cpp">
      <Filter>Source Files\Objects\Helpers</Filter>
    </ClCompile>
    <ClCompile Include="Objects\Helpers\PlayerProbe.cpp">
      <Filter>Source Files\Objects\Helpers</Filter>
    </ClCompile>
    <ClCompile Include="Objects\Helpers\Soundboard.cpp">
      <Filter>Source Files\Objects\Helpers</Filter>
    </ClCompile>
    <ClCompile Include="Objects\Helpers\TimeAttackData.cpp">
      <Filter>Source Files\Objects\Helpers</Filter>
    </ClCompile>
    <ClCompile Include="Objects\Common\BGSwitch.cpp">
      <Filter>Source Files\Objects\Common</Filter>
    </ClCompile>
    <ClCompile Include="Objects\Common\BreakableWall.cpp">
      <Filter>Source Files\Objects\Common</Filter>
    </ClCompile>
    <ClCompile Include="Objects\Common\Button.cpp">
      <Filter>Source Files\Objects\Common</Filter>
    </ClCompile>
    <ClCompile Include="Objects\Common\CollapsingPlatform.cpp">
      <Filter>Source Files\Objects\Common</Filter>
    </ClCompile>
    <ClCompile Include="Objects\Common\Decoration.cpp">
      <Filter>Source Files\Objects\Common</Filter>
    </ClCompile>
    <ClCompile Include="Objects\Common\FlingRamp.cpp">
      <Filter>Source Files\Objects\Common</Filter>
    </ClCompile>
    <ClCompile Include="Objects\Common\ForceSpin.cpp">
      <Filter>Source Files\Objects\Common</Filter>
    </ClCompile>
    <ClCompile Include="Objects\Common\ForceUnstick.cpp">
      <Filter>Source Files\Objects\Common</Filter>
    </ClCompile>
    <ClCompile Include="Objects\Common\GenericTrigger.cpp">
      <Filter>Source Files\Objects\Common</Filter>
    </ClCompile>
    <ClCompile Include="Objects\Common\ParallaxSprite.cpp">
      <Filter>Source Files\Objects\Common</Filter>
    </ClCompile>
    <ClCompile Include="Objects\Common\Platform.cpp">
      <Filter>Source Files\Objects\Common</Filter>
    </ClCompile>
    <ClCompile Include="Objects\Common\PlatformControl.cpp">
      <Filter>Source Files\Objects\Common</Filter>
    </ClCompile>
    <ClCompile Include="Objects\Common\PlatformNode.cpp">
      <Filter>Source Files\Objects\Common</Filter>
    </ClCompile>
    <ClCompile Include="Objects\Common\ScreenWrap.cpp">
      <Filter>Source Files\Objects\Common</Filter>
    </ClCompile>
    <ClCompile Include="Objects\Common\TilePlatform.cpp">
      <Filter>Source Files\Objects\Common</Filter>
    </ClCompile>
    <ClCompile Include="Objects\Common\Water.cpp">
      <Filter>Source Files\Objects\Common</Filter>
    </ClCompile>
    <ClCompile Include="Objects\Menu\UIPicture.cpp">
      <Filter>Source Files\Objects\Menu</Filter>
    </ClCompile>
    <ClCompile Include="Objects\EHZ\EHZSetup.cpp">
      <Filter>Source Files\Objects\EHZ</Filter>
    </ClCompile>
    <ClCompile Include="Objects\EHZ\Buzzer.cpp">
      <Filter>Source Files\Objects\EHZ</Filter>
    </ClCompile>
    <ClCompile Include="Objects\EHZ\Coconuts.cpp">
      <Filter>Source Files\Objects\EHZ</Filter>
    </ClCompile>
    <ClCompile Include="Objects\EHZ\Masher.cpp">
      <Filter>Source Files\Objects\EHZ</Filter>
    </ClCompile>
    <ClCompile Include="Objects\EHZ\Bridge.cpp">
      <Filter>Source Files\Objects\EHZ</Filter>
    </ClCompile>
    <ClCompile Include="Objects\Special\HP_Setup.cpp">
      <Filter>Source Files\Objects\Special</Filter>
    </ClCompile>
    <ClCompile Include="Objects\Special\HP_Halfpipe.cpp">
      <Filter>Source Files\Objects\Special</Filter>
    </ClCompile>
    <ClCompile Include="Objects\Special\HP_Background.cpp">
      <Filter>Source Files\Objects\Special</Filter>
    </ClCompile>
    <ClCompile Include="Objects\Special\HP_Player.cpp">
      <Filter>Source Files\Objects\Special</Filter>
    </ClCompile>
    <ClCompile Include="Objects\Special\HP_HUD.cpp">
      <Filter>Source Files\Objects\Special</Filter>
    </ClCompile>
    <ClCompile Include="Objects\Special\HP_Collectable.cpp">
      <Filter>Source Files\Objects\Special</Filter>
    </ClCompile>
    <ClCompile Include="Objects\Special\HP_Checkpoint.cpp">
      <Filter>Source Files\Objects\Special</Filter>
    </ClCompile>
    <ClCompile Include="Objects\Special\HP_SpecialClear.cpp">
      <Filter>Source Files\Objects\Special</Filter>
    </ClCompile>
    <ClCompile Include="Objects\Special\HP_Message.cpp">
      <Filter>Source Files\Objects\Special</Filter>
    </ClCompile>
    <ClCompile Include="Objects\Global\SuperFlicky.cpp">
      <Filter>Source Files\Objects\Global</Filter>
    </ClCompile>
    <ClCompile Include="Objects\Menu\UIButton.cpp">
      <Filter>Source Files\Objects\Menu</Filter>
    </ClCompile>
    <ClCompile Include="Objects\Menu\UIWidgets.cpp">
      <Filter>Source Files\Objects\Menu</Filter>
    </ClCompile>
    <ClCompile Include="Objects\Menu\UIControl.cpp">
      <Filter>Source Files\Objects\Menu</Filter>
    </ClCompile>
    <ClCompile Include="Objects\Menu\UIButtonPrompt.cpp">
      <Filter>Source Files\Objects\Menu</Filter>
    </ClCompile>
    <ClCompile Include="Objects\Menu\UIKeyBinder.cpp">
      <Filter>Source Files\Objects\Menu</Filter>
    </ClCompile>
    <ClCompile Include="Objects\Menu\UIChoice.cpp">
      <Filter>Source Files\Objects\Menu</Filter>
    </ClCompile>
    <ClCompile Include="Objects\Menu\UICarousel.cpp">
      <Filter>Source Files\Objects\Menu</Filter>
    </ClCompile>
    <ClCompile Include="Objects\Menu\UIShifter.cpp">
      <Filter>Source Files\Objects\Menu</Filter>
    </ClCompile>
    <ClCompile Include="Objects\Menu\UIResPicker.cpp">
      <Filter>Source Files\Objects\Menu</Filter>
    </ClCompile>
    <ClCompile Include="Objects\Menu\UIWinSize.cpp">
      <Filter>Source Files\Objects\Menu</Filter>
    </ClCompile>
    <ClCompile Include="Objects\Menu\MenuSetup.cpp">
      <Filter>Source Files\Objects\Menu</Filter>
    </ClCompile>
    <ClCompile Include="Objects\Menu\UILoadingIcon.cpp">
      <Filter>Source Files\Objects\Menu</Filter>
    </ClCompile>
    <ClCompile Include="Objects\Menu\UIDialog.cpp">
      <Filter>Source Files\Objects\Menu</Filter>
    </ClCompile>
    <ClCompile Include="Objects\Menu\UIDiorama.cpp">
      <Filter>Source Files\Objects\Menu</Filter>
    </ClCompile>
    <ClCompile Include="Objects\Menu\MainMenu.cpp">
      <Filter>Source Files\Objects\Menu</Filter>
    </ClCompile>
    <ClCompile Include="Objects\Menu\ManiaModeMenu.cpp">
      <Filter>Source Files\Objects\Menu</Filter>
    </ClCompile>
    <ClCompile Include="Objects\Menu\SaveMenu.cpp">
      <Filter>Source Files\Objects\Menu</Filter>
    </ClCompile>
    <ClCompile Include="Objects\Menu\UISaveSlot.cpp">
      <Filter>Source Files\Objects\Menu</Filter>
    </ClCompile>
    <ClCompile Include="Objects\Menu\UITransition.cpp">
      <Filter>Source Files\Objects\Menu</Filter>
    </ClCompile>
    <ClCompile Include="Objects\Menu\SaveMenuIconBG.cpp">
      <Filter>Source Files\Objects\Menu</Filter>
    </ClCompile>
    <ClCompile Include="Objects\Menu\ExtrasMenu.cpp">
      <Filter>Source Files\Objects\Menu</Filter>
    </ClCompile>
    <ClCompile Include="Objects\Menu\OptionsMenu.cpp">
      <Filter>Source Files\Objects\Menu</Filter>
    </ClCompile>
    <ClCompile Include="Objects\Menu\UISubHeading.cpp">
      <Filter>Source Files\Objects\Menu</Filter>
    </ClCompile>
    <ClCompile Include="Objects\Menu\UISlider.cpp">
      <Filter>Source Files\Objects\Menu</Filter>
    </ClCompile>
    <ClCompile Include="Objects\Menu\UIOptionPanel.cpp">
      <Filter>Source Files\Objects\Menu</Filter>
    </ClCompile>
    <ClCompile Include="Objects\Menu\UIRankButton.cpp">
      <Filter>Source Files\Objects\Menu</Filter>
    </ClCompile>
    <ClCompile Include="Objects\Menu\UICharButton.cpp">
      <Filter>Source Files\Objects\Menu</Filter>
    </ClCompile>
    <ClCompile Include="Objects\Menu\UITABanner.cpp">
      <Filter>Source Files\Objects\Menu</Filter>
    </ClCompile>
    <ClCompile Include="Objects\Menu\UITAZoneModule.cpp">
      <Filter>Source Files\Objects\Menu</Filter>
    </ClCompile>
    <ClCompile Include="Objects\Menu\TimeAttackMenu.cpp">
      <Filter>Source Files\Objects\Menu</Filter>
    </ClCompile>
    <ClCompile Include="Objects\Helpers\ReplayDB.cpp">
      <Filter>Source Files\Objects\Helpers</Filter>
    </ClCompile>
    <ClCompile Include="Objects\Global\TimeAttackGate.cpp">
      <Filter>Source Files\Objects\Global</Filter>
    </ClCompile>
    <ClCompile Include="Objects\Menu\UIReplayCarousel.cpp">
      <Filter>Source Files\Objects\Menu</Filter>
    </ClCompile>
    <ClCompile Include="Objects\Menu\UIPopover.cpp">
      <Filter>Source Files\Objects\Menu</Filter>
    </ClCompile>
    <ClCompile Include="Objects\Menu\TAMenuIconBG.cpp">
      <Filter>Source Files\Objects\Menu</Filter>
    </ClCompile>
    <ClCompile Include="Objects\Menu\UIButtonLabel.cpp">
      <Filter>Source Files\Objects\Menu</Filter>
    </ClCompile>
    <ClCompile Include="Objects\Title\LogoSetup.cpp">
      <Filter>Source Files\Objects\Title</Filter>
    </ClCompile>
    <ClCompile Include="Objects\Title\Sega.cpp">
      <Filter>Source Files\Objects\Title</Filter>
    </ClCompile>
    <ClCompile Include="Objects\Title\Twinkle.cpp">
      <Filter>Source Files\Objects\Title</Filter>
    </ClCompile>
    <ClCompile Include="Objects\Title\TitleLogo.cpp">
      <Filter>Source Files\Objects\Title</Filter>
    </ClCompile>
    <ClCompile Include="Objects\Title\TitleSetup.cpp">
      <Filter>Source Files\Objects\Title</Filter>
    </ClCompile>
    <ClCompile Include="Objects\Title\TitleSonic.cpp">
      <Filter>Source Files\Objects\Title</Filter>
    </ClCompile>
    <ClCompile Include="Objects\EHZ\BurningLog.cpp">
      <Filter>Source Files\Objects\EHZ</Filter>
    </ClCompile>
    <ClCompile Include="Objects\EHZ\CorkscrewPath.cpp">
      <Filter>Source Files\Objects\EHZ</Filter>
    </ClCompile>
    <ClCompile Include="Objects\EHZ\EggDriller.cpp">
      <Filter>Source Files\Objects\EHZ</Filter>
    </ClCompile>
    <ClCompile Include="Objects\EHZ\EHZEggman.cpp">
      <Filter>Source Files\Objects\EHZ</Filter>
    </ClCompile>
    <ClCompile Include="Objects\CPZ\CPZEggman.cpp">
      <Filter>Source Files\Objects\CPZ</Filter>
    </ClCompile>
    <ClCompile Include="Objects\CPZ\ChemicalDropper.cpp">
      <Filter>Source Files\Objects\CPZ</Filter>
    </ClCompile>
    <ClCompile Include="Objects\ARZ\Grounder.cpp">
      <Filter>Source Files\Objects\ARZ</Filter>
    </ClCompile>
    <ClCompile Include="Objects\ARZ\ChopChop.cpp">
      <Filter>Source Files\Objects\ARZ</Filter>
    </ClCompile>
    <ClCompile Include="Objects\ARZ\Wisp.cpp">
      <Filter>Source Files\Objects\ARZ</Filter>
    </ClCompile>
    <ClCompile Include="Objects\ARZ\BreakoffPillar.cpp">
      <Filter>Source Files\Objects\ARZ</Filter>
    </ClCompile>
    <ClCompile Include="Objects\ARZ\ArrowLauncher.cpp">
      <Filter>Source Files\Objects\ARZ</Filter>
    </ClCompile>
    <ClCompile Include="Objects\ARZ\ARZSetup.cpp">
      <Filter>Source Files\Objects\ARZ</Filter>
    </ClCompile>
    <ClCompile Include="Objects\CNZ\TargetBumper.cpp">
      <Filter>Source Files\Objects\CNZ</Filter>
    </ClCompile>
    <ClCompile Include="Objects\CNZ\CircleBumper.cpp">
      <Filter>Source Files\Objects\CNZ</Filter>
    </ClCompile>
    <ClCompile Include="Objects\CNZ\SlotDisplay.cpp">
      <Filter>Source Files\Objects\CNZ</Filter>
    </ClCompile>
    <ClCompile Include="Objects\CNZ\SlotMachine.cpp">
      <Filter>Source Files\Objects\CNZ</Filter>
    </ClCompile>
    <ClCompile Include="Objects\CNZ\SlotPrize.cpp">
      <Filter>Source Files\Objects\CNZ</Filter>
    </ClCompile>
    <ClCompile Include="Objects\CNZ\Flipper.cpp">
      <Filter>Source Files\Objects\CNZ</Filter>
    </ClCompile>
    <ClCompile Include="Objects\CNZ\VFlipper.cpp">
      <Filter>Source Files\Objects\CNZ</Filter>
    </ClCompile>
    <ClCompile Include="Objects\CNZ\Plunger.cpp">
      <Filter>Source Files\Objects\CNZ</Filter>
    </ClCompile>
    <ClCompile Include="Objects\CNZ\ConveyorBelt.cpp">
      <Filter>Source Files\Objects\CNZ</Filter>
    </ClCompile>
    <ClCompile Include="Objects\CNZ\CNZSetup.cpp">
      <Filter>Source Files\Objects\CNZ</Filter>
    </ClCompile>
    <ClCompile Include="Objects\CNZ\SnakeBlock.cpp">
      <Filter>Source Files\Objects\CNZ</Filter>
    </ClCompile>
    <ClCompile Include="Objects\CNZ\TriBumper.cpp">
      <Filter>Source Files\Objects\CNZ</Filter>
    </ClCompile>
    <ClCompile Include="Objects\CNZ\Crawl.cpp">
      <Filter>Source Files\Objects\CNZ</Filter>
    </ClCompile>
    <ClCompile Include="Objects\CNZ\CNZSpotlight.cpp">
      <Filter>Source Files\Objects\CNZ</Filter>
    </ClCompile>
    <ClCompile Include="Objects\HTZ\HTZSetup.cpp">
      <Filter>Source Files\Objects\HTZ</Filter>
    </ClCompile>
    <ClCompile Include="Objects\HTZ\RisingLava.cpp">
      <Filter>Source Files\Objects\HTZ</Filter>
    </ClCompile>
    <ClCompile Include="Objects\HTZ\Rexon.cpp">
      <Filter>Source Files\Objects\HTZ</Filter>
    </ClCompile>
    <ClCompile Include="Objects\HTZ\Sol.cpp">
      <Filter>Source Files\Objects\HTZ</Filter>
    </ClCompile>
    <ClCompile Include="Objects\HTZ\AIZRockPile.cpp">
      <Filter>Source Files\Objects\HTZ</Filter>
    </ClCompile>
    <ClCompile Include="Objects\HTZ\SeeSaw.cpp">
      <Filter>Source Files\Objects\HTZ</Filter>
    </ClCompile>
    <ClCompile Include="Objects\HTZ\ZipLine.cpp">
      <Filter>Source Files\Objects\HTZ</Filter>
    </ClCompile>
    <ClCompile Include="Objects\HTZ\Spiker.cpp">
      <Filter>Source Files\Objects\HTZ</Filter>
    </ClCompile>
  </ItemGroup>
  <ItemGroup>
    <ClInclude Include="..\GameAPI\CPP\GameAPI\Game.hpp">
      <Filter>GameAPI</Filter>
    </ClInclude>
    <ClInclude Include="..\GameAPI\CPP\GameAPI\GameObjects.hpp">
      <Filter>GameAPI</Filter>
    </ClInclude>
    <ClInclude Include="..\GameAPI\CPP\GameAPI\GameVariables.hpp">
      <Filter>GameAPI</Filter>
    </ClInclude>
    <ClInclude Include="Objects\Test\TestObject.hpp">
      <Filter>Source Files\Objects\Test</Filter>
    </ClInclude>
    <ClInclude Include="Objects\Global\Player.hpp">
      <Filter>Source Files\Objects\Global</Filter>
    </ClInclude>
    <ClInclude Include="S2M.hpp">
      <Filter>Source Files</Filter>
    </ClInclude>
    <ClInclude Include="Objects\Global\ActClear.hpp">
      <Filter>Source Files\Objects\Global</Filter>
    </ClInclude>
    <ClInclude Include="Objects\Global\Animals.hpp">
      <Filter>Source Files\Objects\Global</Filter>
    </ClInclude>
    <ClInclude Include="Objects\Global\Announcer.hpp">
      <Filter>Source Files\Objects\Global</Filter>
    </ClInclude>
    <ClInclude Include="Objects\Global\BoundsMarker.hpp">
      <Filter>Source Files\Objects\Global</Filter>
    </ClInclude>
    <ClInclude Include="Objects\Global\Camera.hpp">
      <Filter>Source Files\Objects\Global</Filter>
    </ClInclude>
    <ClInclude Include="Objects\Global\EggPrison.hpp">
      <Filter>Source Files\Objects\Global</Filter>
    </ClInclude>
    <ClInclude Include="Objects\Global\COverlay.hpp">
      <Filter>Source Files\Objects\Global</Filter>
    </ClInclude>
    <ClInclude Include="Objects\Global\Debris.hpp">
      <Filter>Source Files\Objects\Global</Filter>
    </ClInclude>
    <ClInclude Include="Objects\Global\DebugMode.hpp">
      <Filter>Source Files\Objects\Global</Filter>
    </ClInclude>
    <ClInclude Include="Objects\Global\Dust.hpp">
      <Filter>Source Files\Objects\Global</Filter>
    </ClInclude>
    <ClInclude Include="Objects\Global\Explosion.hpp">
      <Filter>Source Files\Objects\Global</Filter>
    </ClInclude>
    <ClInclude Include="Objects\Global\GameOver.hpp">
      <Filter>Source Files\Objects\Global</Filter>
    </ClInclude>
    <ClInclude Include="Objects\Global\HUD.hpp">
      <Filter>Source Files\Objects\Global</Filter>
    </ClInclude>
    <ClInclude Include="Objects\Global\ImageTrail.hpp">
      <Filter>Source Files\Objects\Global</Filter>
    </ClInclude>
    <ClInclude Include="Objects\Global\InvincibleStars.hpp">
      <Filter>Source Files\Objects\Global</Filter>
    </ClInclude>
    <ClInclude Include="Objects\Global\InvisibleBlock.hpp">
      <Filter>Source Files\Objects\Global</Filter>
    </ClInclude>
    <ClInclude Include="Objects\Global\ItemBox.hpp">
      <Filter>Source Files\Objects\Global</Filter>
    </ClInclude>
    <ClInclude Include="Objects\Global\Localization.hpp">
      <Filter>Source Files\Objects\Global</Filter>
    </ClInclude>
    <ClInclude Include="Objects\Global\Music.hpp">
      <Filter>Source Files\Objects\Global</Filter>
    </ClInclude>
    <ClInclude Include="Objects\Global\PauseMenu.hpp">
      <Filter>Source Files\Objects\Global</Filter>
    </ClInclude>
    <ClInclude Include="Objects\Global\PlaneSwitch.hpp">
      <Filter>Source Files\Objects\Global</Filter>
    </ClInclude>
    <ClInclude Include="Objects\Global\ReplayRecorder.hpp">
      <Filter>Source Files\Objects\Global</Filter>
    </ClInclude>
    <ClInclude Include="Objects\Global\Ring.hpp">
      <Filter>Source Files\Objects\Global</Filter>
    </ClInclude>
    <ClInclude Include="Objects\Global\SaveGame.hpp">
      <Filter>Source Files\Objects\Global</Filter>
    </ClInclude>
    <ClInclude Include="Objects\Global\ScoreBonus.hpp">
      <Filter>Source Files\Objects\Global</Filter>
    </ClInclude>
    <ClInclude Include="Objects\Global\Shield.hpp">
      <Filter>Source Files\Objects\Global</Filter>
    </ClInclude>
    <ClInclude Include="Objects\Global\SignPost.hpp">
      <Filter>Source Files\Objects\Global</Filter>
    </ClInclude>
    <ClInclude Include="Objects\Global\SpecialRing.hpp">
      <Filter>Source Files\Objects\Global</Filter>
    </ClInclude>
    <ClInclude Include="Objects\Global\Spikes.hpp">
      <Filter>Source Files\Objects\Global</Filter>
    </ClInclude>
    <ClInclude Include="Objects\Global\Spring.hpp">
      <Filter>Source Files\Objects\Global</Filter>
    </ClInclude>
    <ClInclude Include="Objects\Global\StarPost.hpp">
      <Filter>Source Files\Objects\Global</Filter>
    </ClInclude>
    <ClInclude Include="Objects\Global\SuperSparkle.hpp">
      <Filter>Source Files\Objects\Global</Filter>
    </ClInclude>
    <ClInclude Include="Objects\Global\TitleCard.hpp">
      <Filter>Source Files\Objects\Global</Filter>
    </ClInclude>
    <ClInclude Include="Objects\Global\Zone.hpp">
      <Filter>Source Files\Objects\Global</Filter>
    </ClInclude>
    <ClInclude Include="Objects\Helpers\BadnikHelpers.hpp">
      <Filter>Source Files\Objects\Helpers</Filter>
    </ClInclude>
    <ClInclude Include="Objects\Helpers\CutsceneRules.hpp">
      <Filter>Source Files\Objects\Helpers</Filter>
    </ClInclude>
    <ClInclude Include="Objects\Helpers\CutsceneSeq.hpp">
      <Filter>Source Files\Objects\Helpers</Filter>
    </ClInclude>
    <ClInclude Include="Objects\Helpers\DialogRunner.hpp">
      <Filter>Source Files\Objects\Helpers</Filter>
    </ClInclude>
    <ClInclude Include="Objects\Helpers\DrawHelpers.hpp">
      <Filter>Source Files\Objects\Helpers</Filter>
    </ClInclude>
    <ClInclude Include="Objects\Helpers\FXAniTiles.hpp">
      <Filter>Source Files\Objects\Helpers</Filter>
    </ClInclude>
    <ClInclude Include="Objects\Helpers\FXAudioPan.hpp">
      <Filter>Source Files\Objects\Helpers</Filter>
    </ClInclude>
    <ClInclude Include="Objects\Helpers\FXFade.hpp">
      <Filter>Source Files\Objects\Helpers</Filter>
    </ClInclude>
    <ClInclude Include="Objects\Helpers\FXTileModifier.hpp">
      <Filter>Source Files\Objects\Helpers</Filter>
    </ClInclude>
    <ClInclude Include="Objects\Helpers\GameProgress.hpp">
      <Filter>Source Files\Objects\Helpers</Filter>
    </ClInclude>
    <ClInclude Include="Objects\Helpers\LogHelpers.hpp">
      <Filter>Source Files\Objects\Helpers</Filter>
    </ClInclude>
    <ClInclude Include="Objects\Helpers\MathHelpers.hpp">
      <Filter>Source Files\Objects\Helpers</Filter>
    </ClInclude>
    <ClInclude Include="Objects\Helpers\MenuParam.hpp">
      <Filter>Source Files\Objects\Helpers</Filter>
    </ClInclude>
    <ClInclude Include="Objects\Helpers\Options.hpp">
      <Filter>Source Files\Objects\Helpers</Filter>
    </ClInclude>
    <ClInclude Include="Objects\Helpers\PlayerHelpers.hpp">
      <Filter>Source Files\Objects\Helpers</Filter>
    </ClInclude>
    <ClInclude Include="Objects\Helpers\PlayerProbe.hpp">
      <Filter>Source Files\Objects\Helpers</Filter>
    </ClInclude>
    <ClInclude Include="Objects\Helpers\Soundboard.hpp">
      <Filter>Source Files\Objects\Helpers</Filter>
    </ClInclude>
    <ClInclude Include="Objects\Helpers\TimeAttackData.hpp">
      <Filter>Source Files\Objects\Helpers</Filter>
    </ClInclude>
    <ClInclude Include="Objects\Common\BGSwitch.hpp">
      <Filter>Source Files\Objects\Common</Filter>
    </ClInclude>
    <ClInclude Include="Objects\Common\BreakableWall.hpp">
      <Filter>Source Files\Objects\Common</Filter>
    </ClInclude>
    <ClInclude Include="Objects\Common\Button.hpp">
      <Filter>Source Files\Objects\Common</Filter>
    </ClInclude>
    <ClInclude Include="Objects\Common\CollapsingPlatform.hpp">
      <Filter>Source Files\Objects\Common</Filter>
    </ClInclude>
    <ClInclude Include="Objects\Common\Decoration.hpp">
      <Filter>Source Files\Objects\Common</Filter>
    </ClInclude>
    <ClInclude Include="Objects\Common\FlingRamp.hpp">
      <Filter>Source Files\Objects\Common</Filter>
    </ClInclude>
    <ClInclude Include="Objects\Common\ForceSpin.hpp">
      <Filter>Source Files\Objects\Common</Filter>
    </ClInclude>
    <ClInclude Include="Objects\Common\ForceUnstick.hpp">
      <Filter>Source Files\Objects\Common</Filter>
    </ClInclude>
    <ClInclude Include="Objects\Common\GenericTrigger.hpp">
      <Filter>Source Files\Objects\Common</Filter>
    </ClInclude>
    <ClInclude Include="Objects\Common\ParallaxSprite.hpp">
      <Filter>Source Files\Objects\Common</Filter>
    </ClInclude>
    <ClInclude Include="Objects\Common\Platform.hpp">
      <Filter>Source Files\Objects\Common</Filter>
    </ClInclude>
    <ClInclude Include="Objects\Common\PlatformControl.hpp">
      <Filter>Source Files\Objects\Common</Filter>
    </ClInclude>
    <ClInclude Include="Objects\Common\PlatformNode.hpp">
      <Filter>Source Files\Objects\Common</Filter>
    </ClInclude>
    <ClInclude Include="Objects\Common\ScreenWrap.hpp">
      <Filter>Source Files\Objects\Common</Filter>
    </ClInclude>
    <ClInclude Include="Objects\Common\TilePlatform.hpp">
      <Filter>Source Files\Objects\Common</Filter>
    </ClInclude>
    <ClInclude Include="Objects\Common\Water.hpp">
      <Filter>Source Files\Objects\Common</Filter>
    </ClInclude>
    <ClInclude Include="Objects\Menu\UIPicture.hpp">
      <Filter>Source Files\Objects\Menu</Filter>
    </ClInclude>
    <ClInclude Include="Objects\EHZ\EHZSetup.hpp">
      <Filter>Source Files\Objects\EHZ</Filter>
    </ClInclude>
    <ClInclude Include="Objects\EHZ\Buzzer.hpp">
      <Filter>Source Files\Objects\EHZ</Filter>
    </ClInclude>
    <ClInclude Include="Objects\EHZ\Coconuts.hpp">
      <Filter>Source Files\Objects\EHZ</Filter>
    </ClInclude>
    <ClInclude Include="Objects\EHZ\Masher.hpp">
      <Filter>Source Files\Objects\EHZ</Filter>
    </ClInclude>
    <ClInclude Include="Objects\EHZ\Bridge.hpp">
      <Filter>Source Files\Objects\EHZ</Filter>
    </ClInclude>
    <ClInclude Include="Objects\Special\HP_Setup.hpp">
      <Filter>Source Files\Objects\Special</Filter>
    </ClInclude>
    <ClInclude Include="Objects\Special\HP_Halfpipe.hpp">
      <Filter>Source Files\Objects\Special</Filter>
    </ClInclude>
    <ClInclude Include="Objects\Special\HP_Background.hpp">
      <Filter>Source Files\Objects\Special</Filter>
    </ClInclude>
    <ClInclude Include="Objects\Special\HP_Player.hpp">
      <Filter>Source Files\Objects\Special</Filter>
    </ClInclude>
    <ClInclude Include="Objects\Special\HP_HUD.hpp">
      <Filter>Source Files\Objects\Special</Filter>
    </ClInclude>
    <ClInclude Include="Objects\Special\HP_Collectable.hpp">
      <Filter>Source Files\Objects\Special</Filter>
    </ClInclude>
    <ClInclude Include="Objects\Special\HP_Checkpoint.hpp">
      <Filter>Source Files\Objects\Special</Filter>
    </ClInclude>
    <ClInclude Include="Objects\Special\HP_SpecialClear.hpp">
      <Filter>Source Files\Objects\Special</Filter>
    </ClInclude>
    <ClInclude Include="Objects\Special\HP_Message.hpp">
      <Filter>Source Files\Objects\Special</Filter>
    </ClInclude>
    <ClInclude Include="Objects\Global\SuperFlicky.hpp">
      <Filter>Source Files\Objects\Global</Filter>
    </ClInclude>
    <ClInclude Include="Objects\Menu\UIButton.hpp">
      <Filter>Source Files\Objects\Menu</Filter>
    </ClInclude>
    <ClInclude Include="Objects\Menu\UIWidgets.hpp">
      <Filter>Source Files\Objects\Menu</Filter>
    </ClInclude>
    <ClInclude Include="Objects\Menu\UIControl.hpp">
      <Filter>Source Files\Objects\Menu</Filter>
    </ClInclude>
    <ClInclude Include="Objects\Menu\UIButtonPrompt.hpp">
      <Filter>Source Files\Objects\Menu</Filter>
    </ClInclude>
    <ClInclude Include="Objects\Menu\UIKeyBinder.hpp">
      <Filter>Source Files\Objects\Menu</Filter>
    </ClInclude>
    <ClInclude Include="Objects\Menu\UIChoice.hpp">
      <Filter>Source Files\Objects\Menu</Filter>
    </ClInclude>
    <ClInclude Include="Objects\Menu\UICarousel.hpp">
      <Filter>Source Files\Objects\Menu</Filter>
    </ClInclude>
    <ClInclude Include="Objects\Menu\UIShifter.hpp">
      <Filter>Source Files\Objects\Menu</Filter>
    </ClInclude>
    <ClInclude Include="Objects\Menu\UIResPicker.hpp">
      <Filter>Source Files\Objects\Menu</Filter>
    </ClInclude>
    <ClInclude Include="Objects\Menu\UIWinSize.hpp">
      <Filter>Source Files\Objects\Menu</Filter>
    </ClInclude>
    <ClInclude Include="Objects\Menu\MenuSetup.hpp">
      <Filter>Source Files\Objects\Menu</Filter>
    </ClInclude>
    <ClInclude Include="Objects\Menu\UILoadingIcon.hpp">
      <Filter>Source Files\Objects\Menu</Filter>
    </ClInclude>
    <ClInclude Include="Objects\Menu\UIDialog.hpp">
      <Filter>Source Files\Objects\Menu</Filter>
    </ClInclude>
    <ClInclude Include="Objects\Menu\UIDiorama.hpp">
      <Filter>Source Files\Objects\Menu</Filter>
    </ClInclude>
    <ClInclude Include="Objects\Menu\MainMenu.hpp">
      <Filter>Source Files\Objects\Menu</Filter>
    </ClInclude>
    <ClInclude Include="Objects\Menu\ManiaModeMenu.hpp">
      <Filter>Source Files\Objects\Menu</Filter>
    </ClInclude>
    <ClInclude Include="Objects\Menu\SaveMenu.hpp">
      <Filter>Source Files\Objects\Menu</Filter>
    </ClInclude>
    <ClInclude Include="Objects\Menu\UISaveSlot.hpp">
      <Filter>Source Files\Objects\Menu</Filter>
    </ClInclude>
    <ClInclude Include="Objects\Menu\UITransition.hpp">
      <Filter>Source Files\Objects\Menu</Filter>
    </ClInclude>
    <ClInclude Include="Objects\Menu\SaveMenuIconBG.hpp">
      <Filter>Source Files\Objects\Menu</Filter>
    </ClInclude>
    <ClInclude Include="Objects\Menu\ExtrasMenu.hpp">
      <Filter>Source Files\Objects\Menu</Filter>
    </ClInclude>
    <ClInclude Include="Objects\Menu\OptionsMenu.hpp">
      <Filter>Source Files\Objects\Menu</Filter>
    </ClInclude>
    <ClInclude Include="Objects\Menu\UISubHeading.hpp">
      <Filter>Source Files\Objects\Menu</Filter>
    </ClInclude>
    <ClInclude Include="Objects\Menu\UISlider.hpp">
      <Filter>Source Files\Objects\Menu</Filter>
    </ClInclude>
    <ClInclude Include="Objects\Menu\UIOptionPanel.hpp">
      <Filter>Source Files\Objects\Menu</Filter>
    </ClInclude>
    <ClInclude Include="Objects\Menu\UIRankButton.hpp">
      <Filter>Source Files\Objects\Menu</Filter>
    </ClInclude>
    <ClInclude Include="Objects\Menu\UICharButton.hpp">
      <Filter>Source Files\Objects\Menu</Filter>
    </ClInclude>
    <ClInclude Include="Objects\Menu\UITABanner.hpp">
      <Filter>Source Files\Objects\Menu</Filter>
    </ClInclude>
    <ClInclude Include="Objects\Menu\UITAZoneModule.hpp">
      <Filter>Source Files\Objects\Menu</Filter>
    </ClInclude>
    <ClInclude Include="Objects\Menu\TimeAttackMenu.hpp">
      <Filter>Source Files\Objects\Menu</Filter>
    </ClInclude>
    <ClInclude Include="Objects\Helpers\ReplayDB.hpp">
      <Filter>Source Files\Objects\Helpers</Filter>
    </ClInclude>
    <ClInclude Include="Objects\Global\TimeAttackGate.hpp">
      <Filter>Source Files\Objects\Global</Filter>
    </ClInclude>
    <ClInclude Include="Objects\Menu\UIReplayCarousel.hpp">
      <Filter>Source Files\Objects\Menu</Filter>
    </ClInclude>
    <ClInclude Include="Objects\Menu\UIPopover.hpp">
      <Filter>Source Files\Objects\Menu</Filter>
    </ClInclude>
    <ClInclude Include="Objects\Menu\TAMenuIconBG.hpp">
      <Filter>Source Files\Objects\Menu</Filter>
    </ClInclude>
    <ClInclude Include="Objects\Menu\UIButtonLabel.hpp">
      <Filter>Source Files\Objects\Menu</Filter>
    </ClInclude>
    <ClInclude Include="Objects\Title\LogoSetup.hpp">
      <Filter>Source Files\Objects\Title</Filter>
    </ClInclude>
    <ClInclude Include="Objects\Title\Sega.hpp">
      <Filter>Source Files\Objects\Title</Filter>
    </ClInclude>
    <ClInclude Include="Objects\Title\Twinkle.hpp">
      <Filter>Source Files\Objects\Title</Filter>
    </ClInclude>
    <ClInclude Include="Objects\Title\TitleLogo.hpp">
      <Filter>Source Files\Objects\Title</Filter>
    </ClInclude>
    <ClInclude Include="Objects\Title\TitleSetup.hpp">
      <Filter>Source Files\Objects\Title</Filter>
    </ClInclude>
    <ClInclude Include="Objects\Title\TitleSonic.hpp">
      <Filter>Source Files\Objects\Title</Filter>
    </ClInclude>
    <ClInclude Include="Objects\EHZ\BurningLog.hpp">
      <Filter>Source Files\Objects\EHZ</Filter>
    </ClInclude>
    <ClInclude Include="Objects\EHZ\CorkscrewPath.hpp">
      <Filter>Source Files\Objects\EHZ</Filter>
    </ClInclude>
    <ClInclude Include="Objects\EHZ\EggDriller.hpp">
      <Filter>Source Files\Objects\EHZ</Filter>
    </ClInclude>
    <ClInclude Include="Objects\EHZ\EHZEggman.hpp">
      <Filter>Source Files\Objects\EHZ</Filter>
    </ClInclude>
    <ClInclude Include="Objects\CPZ\CPZEggman.hpp">
      <Filter>Source Files\Objects\CPZ</Filter>
    </ClInclude>
    <ClInclude Include="Objects\CPZ\ChemicalDropper.hpp">
      <Filter>Source Files\Objects\CPZ</Filter>
    </ClInclude>
    <ClInclude Include="Objects\ARZ\Grounder.hpp">
      <Filter>Source Files\Objects\ARZ</Filter>
    </ClInclude>
    <ClInclude Include="Objects\ARZ\ChopChop.hpp">
      <Filter>Source Files\Objects\ARZ</Filter>
    </ClInclude>
    <ClInclude Include="Objects\ARZ\Wisp.hpp">
      <Filter>Source Files\Objects\ARZ</Filter>
    </ClInclude>
    <ClInclude Include="Objects\ARZ\BreakoffPillar.hpp">
      <Filter>Source Files\Objects\ARZ</Filter>
    </ClInclude>
    <ClInclude Include="Objects\ARZ\ArrowLauncher.hpp">
      <Filter>Source Files\Objects\ARZ</Filter>
    </ClInclude>
    <ClInclude Include="Objects\ARZ\ARZSetup.hpp">
      <Filter>Source Files\Objects\ARZ</Filter>
    </ClInclude>
    <ClInclude Include="Objects\CNZ\TargetBumper.hpp">
      <Filter>Source Files\Objects\CNZ</Filter>
    </ClInclude>
    <ClInclude Include="Objects\CNZ\CircleBumper.hpp">
      <Filter>Source Files\Objects\CNZ</Filter>
    </ClInclude>
    <ClInclude Include="Objects\CNZ\SlotDisplay.hpp">
      <Filter>Source Files\Objects\CNZ</Filter>
    </ClInclude>
    <ClInclude Include="Objects\CNZ\SlotMachine.hpp">
      <Filter>Source Files\Objects\CNZ</Filter>
    </ClInclude>
    <ClInclude Include="Objects\CNZ\SlotPrize.hpp">
      <Filter>Source Files\Objects\CNZ</Filter>
    </ClInclude>
    <ClInclude Include="Objects\CNZ\Flipper.hpp">
      <Filter>Source Files\Objects\CNZ</Filter>
    </ClInclude>
    <ClInclude Include="Objects\CNZ\VFlipper.hpp">
      <Filter>Source Files\Objects\CNZ</Filter>
    </ClInclude>
    <ClInclude Include="Objects\CNZ\Plunger.hpp">
      <Filter>Source Files\Objects\CNZ</Filter>
    </ClInclude>
    <ClInclude Include="Objects\CNZ\ConveyorBelt.hpp">
      <Filter>Source Files\Objects\CNZ</Filter>
    </ClInclude>
    <ClInclude Include="Objects\CNZ\CNZSetup.hpp">
      <Filter>Source Files\Objects\CNZ</Filter>
    </ClInclude>
    <ClInclude Include="Objects\CNZ\SnakeBlock.hpp">
      <Filter>Source Files\Objects\CNZ</Filter>
    </ClInclude>
    <ClInclude Include="Objects\CNZ\TriBumper.hpp">
      <Filter>Source Files\Objects\CNZ</Filter>
    </ClInclude>
    <ClInclude Include="Objects\CNZ\Crawl.hpp">
      <Filter>Source Files\Objects\CNZ</Filter>
    </ClInclude>
    <ClInclude Include="Objects\CNZ\CNZSpotlight.hpp">
      <Filter>Source Files\Objects\CNZ</Filter>
    </ClInclude>
    <ClInclude Include="Objects\HTZ\HTZSetup.hpp">
      <Filter>Source Files\Objects\HTZ</Filter>
    </ClInclude>
    <ClInclude Include="Objects\HTZ\RisingLava.hpp">
      <Filter>Source Files\Objects\HTZ</Filter>
    </ClInclude>
    <ClInclude Include="Objects\HTZ\Rexon.hpp">
      <Filter>Source Files\Objects\HTZ</Filter>
    </ClInclude>
    <ClInclude Include="Objects\HTZ\Sol.hpp">
      <Filter>Source Files\Objects\HTZ</Filter>
    </ClInclude>
    <ClInclude Include="Objects\HTZ\AIZRockPile.hpp">
      <Filter>Source Files\Objects\HTZ</Filter>
    </ClInclude>
    <ClInclude Include="Objects\HTZ\SeeSaw.hpp">
      <Filter>Source Files\Objects\HTZ</Filter>
    </ClInclude>
    <ClInclude Include="Objects\HTZ\ZipLine.hpp">
      <Filter>Source Files\Objects\HTZ</Filter>
    </ClInclude>
    <ClInclude Include="Objects\HTZ\Spiker.hpp">
      <Filter>Source Files\Objects\HTZ</Filter>
    </ClInclude>
  </ItemGroup>
</Project>